
Microsoft Visual Studio Solution File, Format Version 12.00
# Visual Studio Version 17
VisualStudioVersion = 17.8.34322.80
MinimumVisualStudioVersion = 10.0.40219.1
Project("{FAE04EC0-301F-11D3-BF4B-00C04F79EFBC}") = "ConsoleCalculator", "ConsoleCalculator\ConsoleCalculator.csproj", "{B8251134-8EF0-489A-90DE-020E2F31B4B7}"
EndProject
Global
	GlobalSection(SolutionConfigurationPlatforms) = preSolution
		Debug|Any CPU = Debug|Any CPU
		Release|Any CPU = Release|Any CPU
	EndGlobalSection
	GlobalSection(ProjectConfigurationPlatforms) = postSolution
		{B8251134-8EF0-489A-90DE-020E2F31B4B7}.Debug|Any CPU.ActiveCfg = Debug|Any CPU
		{B8251134-8EF0-489A-90DE-020E2F31B4B7}.Debug|Any CPU.Build.0 = Debug|Any CPU
		{B8251134-8EF0-489A-90DE-020E2F31B4B7}.Release|Any CPU.ActiveCfg = Release|Any CPU
		{B8251134-8EF0-489A-90DE-020E2F31B4B7}.Release|Any CPU.Build.0 = Release|Any CPU
	EndGlobalSection
	GlobalSection(SolutionProperties) = preSolution
		HideSolutionNode = FALSE
	EndGlobalSection
	GlobalSection(ExtensibilityGlobals) = postSolution
		SolutionGuid = {CAC6D5EA-2C89-405E-823C-F1B6AD2B09AA}
	EndGlobalSection
EndGlobal
